// !$*UTF8*$!
{
	archiveVersion = 1;
	classes = {
	};
	objectVersion = 56;
	objects = {

/* Begin PBXBuildFile section */
		4C23A9192CA90224006EEE08 /* SWIFTUICoinAppApp.swift in Sources */ = {isa = PBXBuildFile; fileRef = 4C23A9182CA90224006EEE08 /* SWIFTUICoinAppApp.swift */; };
		4C23A91D2CA90226006EEE08 /* Assets.xcassets in Resources */ = {isa = PBXBuildFile; fileRef = 4C23A91C2CA90226006EEE08 /* Assets.xcassets */; };
		4C23A9202CA90226006EEE08 /* Preview Assets.xcassets in Resources */ = {isa = PBXBuildFile; fileRef = 4C23A91F2CA90226006EEE08 /* Preview Assets.xcassets */; };
		4C23A92A2CA90227006EEE08 /* SWIFTUICoinAppTests.swift in Sources */ = {isa = PBXBuildFile; fileRef = 4C23A9292CA90227006EEE08 /* SWIFTUICoinAppTests.swift */; };
		4C23A9342CA90227006EEE08 /* SWIFTUICoinAppUITests.swift in Sources */ = {isa = PBXBuildFile; fileRef = 4C23A9332CA90227006EEE08 /* SWIFTUICoinAppUITests.swift */; };
		4C23A9362CA90227006EEE08 /* SWIFTUICoinAppUITestsLaunchTests.swift in Sources */ = {isa = PBXBuildFile; fileRef = 4C23A9352CA90227006EEE08 /* SWIFTUICoinAppUITestsLaunchTests.swift */; };
		4C23A9462CA903AD006EEE08 /* CoinView.swift in Sources */ = {isa = PBXBuildFile; fileRef = 4C23A9452CA903AD006EEE08 /* CoinView.swift */; };
		4C23A9482CA90E76006EEE08 /* CoinVewModel.swift in Sources */ = {isa = PBXBuildFile; fileRef = 4C23A9472CA90E76006EEE08 /* CoinVewModel.swift */; };
		4C23A94A2CAB6358006EEE08 /* CoinData.swift in Sources */ = {isa = PBXBuildFile; fileRef = 4C23A9492CAB6358006EEE08 /* CoinData.swift */; };
		4C23A94C2CAB642A006EEE08 /* CoinModel.swift in Sources */ = {isa = PBXBuildFile; fileRef = 4C23A94B2CAB642A006EEE08 /* CoinModel.swift */; };
/* End PBXBuildFile section */

/* Begin PBXContainerItemProxy section */
		4C23A9262CA90227006EEE08 /* PBXContainerItemProxy */ = {
			isa = PBXContainerItemProxy;
			containerPortal = 4C23A90D2CA90224006EEE08 /* Project object */;
			proxyType = 1;
			remoteGlobalIDString = 4C23A9142CA90224006EEE08;
			remoteInfo = SWIFTUICoinApp;
		};
		4C23A9302CA90227006EEE08 /* PBXContainerItemProxy */ = {
			isa = PBXContainerItemProxy;
			containerPortal = 4C23A90D2CA90224006EEE08 /* Project object */;
			proxyType = 1;
			remoteGlobalIDString = 4C23A9142CA90224006EEE08;
			remoteInfo = SWIFTUICoinApp;
		};
/* End PBXContainerItemProxy section */

/* Begin PBXFileReference section */
		4C23A9152CA90224006EEE08 /* SWIFTUICoinApp.app */ = {isa = PBXFileReference; explicitFileType = wrapper.application; includeInIndex = 0; path = SWIFTUICoinApp.app; sourceTree = BUILT_PRODUCTS_DIR; };
		4C23A9182CA90224006EEE08 /* SWIFTUICoinAppApp.swift */ = {isa = PBXFileReference; lastKnownFileType = sourcecode.swift; path = SWIFTUICoinAppApp.swift; sourceTree = "<group>"; };
		4C23A91C2CA90226006EEE08 /* Assets.xcassets */ = {isa = PBXFileReference; lastKnownFileType = folder.assetcatalog; path = Assets.xcassets; sourceTree = "<group>"; };
		4C23A91F2CA90226006EEE08 /* Preview Assets.xcassets */ = {isa = PBXFileReference; lastKnownFileType = folder.assetcatalog; path = "Preview Assets.xcassets"; sourceTree = "<group>"; };
		4C23A9252CA90227006EEE08 /* SWIFTUICoinAppTests.xctest */ = {isa = PBXFileReference; explicitFileType = wrapper.cfbundle; includeInIndex = 0; path = SWIFTUICoinAppTests.xctest; sourceTree = BUILT_PRODUCTS_DIR; };
		4C23A9292CA90227006EEE08 /* SWIFTUICoinAppTests.swift */ = {isa = PBXFileReference; lastKnownFileType = sourcecode.swift; path = SWIFTUICoinAppTests.swift; sourceTree = "<group>"; };
		4C23A92F2CA90227006EEE08 /* SWIFTUICoinAppUITests.xctest */ = {isa = PBXFileReference; explicitFileType = wrapper.cfbundle; includeInIndex = 0; path = SWIFTUICoinAppUITests.xctest; sourceTree = BUILT_PRODUCTS_DIR; };
		4C23A9332CA90227006EEE08 /* SWIFTUICoinAppUITests.swift */ = {isa = PBXFileReference; lastKnownFileType = sourcecode.swift; path = SWIFTUICoinAppUITests.swift; sourceTree = "<group>"; };
		4C23A9352CA90227006EEE08 /* SWIFTUICoinAppUITestsLaunchTests.swift */ = {isa = PBXFileReference; lastKnownFileType = sourcecode.swift; path = SWIFTUICoinAppUITestsLaunchTests.swift; sourceTree = "<group>"; };
		4C23A9452CA903AD006EEE08 /* CoinView.swift */ = {isa = PBXFileReference; lastKnownFileType = sourcecode.swift; path = CoinView.swift; sourceTree = "<group>"; };
		4C23A9472CA90E76006EEE08 /* CoinVewModel.swift */ = {isa = PBXFileReference; lastKnownFileType = sourcecode.swift; path = CoinVewModel.swift; sourceTree = "<group>"; };
		4C23A9492CAB6358006EEE08 /* CoinData.swift */ = {isa = PBXFileReference; lastKnownFileType = sourcecode.swift; path = CoinData.swift; sourceTree = "<group>"; };
		4C23A94B2CAB642A006EEE08 /* CoinModel.swift */ = {isa = PBXFileReference; lastKnownFileType = sourcecode.swift; path = CoinModel.swift; sourceTree = "<group>"; };
/* End PBXFileReference section */

/* Begin PBXFrameworksBuildPhase section */
		4C23A9122CA90224006EEE08 /* Frameworks */ = {
			isa = PBXFrameworksBuildPhase;
			buildActionMask = 2147483647;
			files = (
			);
			runOnlyForDeploymentPostprocessing = 0;
		};
		4C23A9222CA90227006EEE08 /* Frameworks */ = {
			isa = PBXFrameworksBuildPhase;
			buildActionMask = 2147483647;
			files = (
			);
			runOnlyForDeploymentPostprocessing = 0;
		};
		4C23A92C2CA90227006EEE08 /* Frameworks */ = {
			isa = PBXFrameworksBuildPhase;
			buildActionMask = 2147483647;
			files = (
			);
			runOnlyForDeploymentPostprocessing = 0;
		};
/* End PBXFrameworksBuildPhase section */

/* Begin PBXGroup section */
		4C23A90C2CA90224006EEE08 = {
			isa = PBXGroup;
			children = (
				4C23A9172CA90224006EEE08 /* SWIFTUICoinApp */,
				4C23A9282CA90227006EEE08 /* SWIFTUICoinAppTests */,
				4C23A9322CA90227006EEE08 /* SWIFTUICoinAppUITests */,
				4C23A9162CA90224006EEE08 /* Products */,
			);
			sourceTree = "<group>";
		};
		4C23A9162CA90224006EEE08 /* Products */ = {
			isa = PBXGroup;
			children = (
				4C23A9152CA90224006EEE08 /* SWIFTUICoinApp.app */,
				4C23A9252CA90227006EEE08 /* SWIFTUICoinAppTests.xctest */,
				4C23A92F2CA90227006EEE08 /* SWIFTUICoinAppUITests.xctest */,
			);
			name = Products;
			sourceTree = "<group>";
		};
		4C23A9172CA90224006EEE08 /* SWIFTUICoinApp */ = {
			isa = PBXGroup;
			children = (
				4C23A9182CA90224006EEE08 /* SWIFTUICoinAppApp.swift */,
				4C23A9422CA9034D006EEE08 /* Model */,
				4C23A9432CA9035B006EEE08 /* View */,
				4C23A9442CA90363006EEE08 /* ViewModel */,
				4C23A91C2CA90226006EEE08 /* Assets.xcassets */,
				4C23A91E2CA90226006EEE08 /* Preview Content */,
			);
			path = SWIFTUICoinApp;
			sourceTree = "<group>";
		};
		4C23A91E2CA90226006EEE08 /* Preview Content */ = {
			isa = PBXGroup;
			children = (
				4C23A91F2CA90226006EEE08 /* Preview Assets.xcassets */,
			);
			path = "Preview Content";
			sourceTree = "<group>";
		};
		4C23A9282CA90227006EEE08 /* SWIFTUICoinAppTests */ = {
			isa = PBXGroup;
			children = (
				4C23A9292CA90227006EEE08 /* SWIFTUICoinAppTests.swift */,
			);
			path = SWIFTUICoinAppTests;
			sourceTree = "<group>";
		};
		4C23A9322CA90227006EEE08 /* SWIFTUICoinAppUITests */ = {
			isa = PBXGroup;
			children = (
				4C23A9332CA90227006EEE08 /* SWIFTUICoinAppUITests.swift */,
				4C23A9352CA90227006EEE08 /* SWIFTUICoinAppUITestsLaunchTests.swift */,
			);
			path = SWIFTUICoinAppUITests;
			sourceTree = "<group>";
		};
		4C23A9422CA9034D006EEE08 /* Model */ = {
			isa = PBXGroup;
			children = (
			);
			path = Model;
			sourceTree = "<group>";
		};
		4C23A9432CA9035B006EEE08 /* View */ = {
			isa = PBXGroup;
			children = (
				4C23A9452CA903AD006EEE08 /* CoinView.swift */,
			);
			path = View;
			sourceTree = "<group>";
		};
		4C23A9442CA90363006EEE08 /* ViewModel */ = {
			isa = PBXGroup;
			children = (
				4C23A9472CA90E76006EEE08 /* CoinVewModel.swift */,
				4C23A94B2CAB642A006EEE08 /* CoinModel.swift */,
				4C23A9492CAB6358006EEE08 /* CoinData.swift */,
			);
			path = ViewModel;
			sourceTree = "<group>";
		};
/* End PBXGroup section */

/* Begin PBXNativeTarget section */
		4C23A9142CA90224006EEE08 /* SWIFTUICoinApp */ = {
			isa = PBXNativeTarget;
			buildConfigurationList = 4C23A9392CA90227006EEE08 /* Build configuration list for PBXNativeTarget "SWIFTUICoinApp" */;
			buildPhases = (
				4C23A9112CA90224006EEE08 /* Sources */,
				4C23A9122CA90224006EEE08 /* Frameworks */,
				4C23A9132CA90224006EEE08 /* Resources */,
			);
			buildRules = (
			);
			dependencies = (
			);
			name = SWIFTUICoinApp;
			productName = SWIFTUICoinApp;
			productReference = 4C23A9152CA90224006EEE08 /* SWIFTUICoinApp.app */;
			productType = "com.apple.product-type.application";
		};
		4C23A9242CA90227006EEE08 /* SWIFTUICoinAppTests */ = {
			isa = PBXNativeTarget;
			buildConfigurationList = 4C23A93C2CA90227006EEE08 /* Build configuration list for PBXNativeTarget "SWIFTUICoinAppTests" */;
			buildPhases = (
				4C23A9212CA90227006EEE08 /* Sources */,
				4C23A9222CA90227006EEE08 /* Frameworks */,
				4C23A9232CA90227006EEE08 /* Resources */,
			);
			buildRules = (
			);
			dependencies = (
				4C23A9272CA90227006EEE08 /* PBXTargetDependency */,
			);
			name = SWIFTUICoinAppTests;
			productName = SWIFTUICoinAppTests;
			productReference = 4C23A9252CA90227006EEE08 /* SWIFTUICoinAppTests.xctest */;
			productType = "com.apple.product-type.bundle.unit-test";
		};
		4C23A92E2CA90227006EEE08 /* SWIFTUICoinAppUITests */ = {
			isa = PBXNativeTarget;
			buildConfigurationList = 4C23A93F2CA90227006EEE08 /* Build configuration list for PBXNativeTarget "SWIFTUICoinAppUITests" */;
			buildPhases = (
				4C23A92B2CA90227006EEE08 /* Sources */,
				4C23A92C2CA90227006EEE08 /* Frameworks */,
				4C23A92D2CA90227006EEE08 /* Resources */,
			);
			buildRules = (
			);
			dependencies = (
				4C23A9312CA90227006EEE08 /* PBXTargetDependency */,
			);
			name = SWIFTUICoinAppUITests;
			productName = SWIFTUICoinAppUITests;
			productReference = 4C23A92F2CA90227006EEE08 /* SWIFTUICoinAppUITests.xctest */;
			productType = "com.apple.product-type.bundle.ui-testing";
		};
/* End PBXNativeTarget section */

/* Begin PBXProject section */
		4C23A90D2CA90224006EEE08 /* Project object */ = {
			isa = PBXProject;
			attributes = {
				BuildIndependentTargetsInParallel = 1;
				LastSwiftUpdateCheck = 1540;
				LastUpgradeCheck = 1540;
				TargetAttributes = {
					4C23A9142CA90224006EEE08 = {
						CreatedOnToolsVersion = 15.4;
					};
					4C23A9242CA90227006EEE08 = {
						CreatedOnToolsVersion = 15.4;
						TestTargetID = 4C23A9142CA90224006EEE08;
					};
					4C23A92E2CA90227006EEE08 = {
						CreatedOnToolsVersion = 15.4;
						TestTargetID = 4C23A9142CA90224006EEE08;
					};
				};
			};
			buildConfigurationList = 4C23A9102CA90224006EEE08 /* Build configuration list for PBXProject "SWIFTUICoinApp" */;
			compatibilityVersion = "Xcode 14.0";
			developmentRegion = en;
			hasScannedForEncodings = 0;
			knownRegions = (
				en,
				Base,
			);
			mainGroup = 4C23A90C2CA90224006EEE08;
			productRefGroup = 4C23A9162CA90224006EEE08 /* Products */;
			projectDirPath = "";
			projectRoot = "";
			targets = (
				4C23A9142CA90224006EEE08 /* SWIFTUICoinApp */,
				4C23A9242CA90227006EEE08 /* SWIFTUICoinAppTests */,
				4C23A92E2CA90227006EEE08 /* SWIFTUICoinAppUITests */,
			);
		};
/* End PBXProject section */

/* Begin PBXResourcesBuildPhase section */
		4C23A9132CA90224006EEE08 /* Resources */ = {
			isa = PBXResourcesBuildPhase;
			buildActionMask = 2147483647;
			files = (
				4C23A9202CA90226006EEE08 /* Preview Assets.xcassets in Resources */,
				4C23A91D2CA90226006EEE08 /* Assets.xcassets in Resources */,
			);
			runOnlyForDeploymentPostprocessing = 0;
		};
		4C23A9232CA90227006EEE08 /* Resources */ = {
			isa = PBXResourcesBuildPhase;
			buildActionMask = 2147483647;
			files = (
			);
			runOnlyForDeploymentPostprocessing = 0;
		};
		4C23A92D2CA90227006EEE08 /* Resources */ = {
			isa = PBXResourcesBuildPhase;
			buildActionMask = 2147483647;
			files = (
			);
			runOnlyForDeploymentPostprocessing = 0;
		};
/* End PBXResourcesBuildPhase section */

/* Begin PBXSourcesBuildPhase section */
		4C23A9112CA90224006EEE08 /* Sources */ = {
			isa = PBXSourcesBuildPhase;
			buildActionMask = 2147483647;
			files = (
				4C23A94C2CAB642A006EEE08 /* CoinModel.swift in Sources */,
				4C23A94A2CAB6358006EEE08 /* CoinData.swift in Sources */,
				4C23A9462CA903AD006EEE08 /* CoinView.swift in Sources */,
				4C23A9192CA90224006EEE08 /* SWIFTUICoinAppApp.swift in Sources */,
				4C23A9482CA90E76006EEE08 /* CoinVewModel.swift in Sources */,
			);
			runOnlyForDeploymentPostprocessing = 0;
		};
		4C23A9212CA90227006EEE08 /* Sources */ = {
			isa = PBXSourcesBuildPhase;
			buildActionMask = 2147483647;
			files = (
				4C23A92A2CA90227006EEE08 /* SWIFTUICoinAppTests.swift in Sources */,
			);
			runOnlyForDeploymentPostprocessing = 0;
		};
		4C23A92B2CA90227006EEE08 /* Sources */ = {
			isa = PBXSourcesBuildPhase;
			buildActionMask = 2147483647;
			files = (
				4C23A9342CA90227006EEE08 /* SWIFTUICoinAppUITests.swift in Sources */,
				4C23A9362CA90227006EEE08 /* SWIFTUICoinAppUITestsLaunchTests.swift in Sources */,
			);
			runOnlyForDeploymentPostprocessing = 0;
		};
/* End PBXSourcesBuildPhase section */

/* Begin PBXTargetDependency section */
		4C23A9272CA90227006EEE08 /* PBXTargetDependency */ = {
			isa = PBXTargetDependency;
			target = 4C23A9142CA90224006EEE08 /* SWIFTUICoinApp */;
			targetProxy = 4C23A9262CA90227006EEE08 /* PBXContainerItemProxy */;
		};
		4C23A9312CA90227006EEE08 /* PBXTargetDependency */ = {
			isa = PBXTargetDependency;
			target = 4C23A9142CA90224006EEE08 /* SWIFTUICoinApp */;
			targetProxy = 4C23A9302CA90227006EEE08 /* PBXContainerItemProxy */;
		};
/* End PBXTargetDependency section */

/* Begin XCBuildConfiguration section */
		4C23A9372CA90227006EEE08 /* Debug */ = {
			isa = XCBuildConfiguration;
			buildSettings = {
				ALWAYS_SEARCH_USER_PATHS = NO;
				ASSETCATALOG_COMPILER_GENERATE_SWIFT_ASSET_SYMBOL_EXTENSIONS = YES;
				CLANG_ANALYZER_NONNULL = YES;
				CLANG_ANALYZER_NUMBER_OBJECT_CONVERSION = YES_AGGRESSIVE;
				CLANG_CXX_LANGUAGE_STANDARD = "gnu++20";
				CLANG_ENABLE_MODULES = YES;
				CLANG_ENABLE_OBJC_ARC = YES;
				CLANG_ENABLE_OBJC_WEAK = YES;
				CLANG_WARN_BLOCK_CAPTURE_AUTORELEASING = YES;
				CLANG_WARN_BOOL_CONVERSION = YES;
				CLANG_WARN_COMMA = YES;
				CLANG_WARN_CONSTANT_CONVERSION = YES;
				CLANG_WARN_DEPRECATED_OBJC_IMPLEMENTATIONS = YES;
				CLANG_WARN_DIRECT_OBJC_ISA_USAGE = YES_ERROR;
				CLANG_WARN_DOCUMENTATION_COMMENTS = YES;
				CLANG_WARN_EMPTY_BODY = YES;
				CLANG_WARN_ENUM_CONVERSION = YES;
				CLANG_WARN_INFINITE_RECURSION = YES;
				CLANG_WARN_INT_CONVERSION = YES;
				CLANG_WARN_NON_LITERAL_NULL_CONVERSION = YES;
				CLANG_WARN_OBJC_IMPLICIT_RETAIN_SELF = YES;
				CLANG_WARN_OBJC_LITERAL_CONVERSION = YES;
				CLANG_WARN_OBJC_ROOT_CLASS = YES_ERROR;
				CLANG_WARN_QUOTED_INCLUDE_IN_FRAMEWORK_HEADER = YES;
				CLANG_WARN_RANGE_LOOP_ANALYSIS = YES;
				CLANG_WARN_STRICT_PROTOTYPES = YES;
				CLANG_WARN_SUSPICIOUS_MOVE = YES;
				CLANG_WARN_UNGUARDED_AVAILABILITY = YES_AGGRESSIVE;
				CLANG_WARN_UNREACHABLE_CODE = YES;
				CLANG_WARN__DUPLICATE_METHOD_MATCH = YES;
				COPY_PHASE_STRIP = NO;
				DEBUG_INFORMATION_FORMAT = dwarf;
				ENABLE_STRICT_OBJC_MSGSEND = YES;
				ENABLE_TESTABILITY = YES;
				ENABLE_USER_SCRIPT_SANDBOXING = YES;
				GCC_C_LANGUAGE_STANDARD = gnu17;
				GCC_DYNAMIC_NO_PIC = NO;
				GCC_NO_COMMON_BLOCKS = YES;
				GCC_OPTIMIZATION_LEVEL = 0;
				GCC_PREPROCESSOR_DEFINITIONS = (
					"DEBUG=1",
					"$(inherited)",
				);
				GCC_WARN_64_TO_32_BIT_CONVERSION = YES;
				GCC_WARN_ABOUT_RETURN_TYPE = YES_ERROR;
				GCC_WARN_UNDECLARED_SELECTOR = YES;
				GCC_WARN_UNINITIALIZED_AUTOS = YES_AGGRESSIVE;
				GCC_WARN_UNUSED_FUNCTION = YES;
				GCC_WARN_UNUSED_VARIABLE = YES;
				IPHONEOS_DEPLOYMENT_TARGET = 17.5;
				LOCALIZATION_PREFERS_STRING_CATALOGS = YES;
				MTL_ENABLE_DEBUG_INFO = INCLUDE_SOURCE;
				MTL_FAST_MATH = YES;
				ONLY_ACTIVE_ARCH = YES;
				SDKROOT = iphoneos;
				SWIFT_ACTIVE_COMPILATION_CONDITIONS = "DEBUG $(inherited)";
				SWIFT_OPTIMIZATION_LEVEL = "-Onone";
			};
			name = Debug;
		};
		4C23A9382CA90227006EEE08 /* Release */ = {
			isa = XCBuildConfiguration;
			buildSettings = {
				ALWAYS_SEARCH_USER_PATHS = NO;
				ASSETCATALOG_COMPILER_GENERATE_SWIFT_ASSET_SYMBOL_EXTENSIONS = YES;
				CLANG_ANALYZER_NONNULL = YES;
				CLANG_ANALYZER_NUMBER_OBJECT_CONVERSION = YES_AGGRESSIVE;
				CLANG_CXX_LANGUAGE_STANDARD = "gnu++20";
				CLANG_ENABLE_MODULES = YES;
				CLANG_ENABLE_OBJC_ARC = YES;
				CLANG_ENABLE_OBJC_WEAK = YES;
				CLANG_WARN_BLOCK_CAPTURE_AUTORELEASING = YES;
				CLANG_WARN_BOOL_CONVERSION = YES;
				CLANG_WARN_COMMA = YES;
				CLANG_WARN_CONSTANT_CONVERSION = YES;
				CLANG_WARN_DEPRECATED_OBJC_IMPLEMENTATIONS = YES;
				CLANG_WARN_DIRECT_OBJC_ISA_USAGE = YES_ERROR;
				CLANG_WARN_DOCUMENTATION_COMMENTS = YES;
				CLANG_WARN_EMPTY_BODY = YES;
				CLANG_WARN_ENUM_CONVERSION = YES;
				CLANG_WARN_INFINITE_RECURSION = YES;
				CLANG_WARN_INT_CONVERSION = YES;
				CLANG_WARN_NON_LITERAL_NULL_CONVERSION = YES;
				CLANG_WARN_OBJC_IMPLICIT_RETAIN_SELF = YES;
				CLANG_WARN_OBJC_LITERAL_CONVERSION = YES;
				CLANG_WARN_OBJC_ROOT_CLASS = YES_ERROR;
				CLANG_WARN_QUOTED_INCLUDE_IN_FRAMEWORK_HEADER = YES;
				CLANG_WARN_RANGE_LOOP_ANALYSIS = YES;
				CLANG_WARN_STRICT_PROTOTYPES = YES;
				CLANG_WARN_SUSPICIOUS_MOVE = YES;
				CLANG_WARN_UNGUARDED_AVAILABILITY = YES_AGGRESSIVE;
				CLANG_WARN_UNREACHABLE_CODE = YES;
				CLANG_WARN__DUPLICATE_METHOD_MATCH = YES;
				COPY_PHASE_STRIP = NO;
				DEBUG_INFORMATION_FORMAT = "dwarf-with-dsym";
				ENABLE_NS_ASSERTIONS = NO;
				ENABLE_STRICT_OBJC_MSGSEND = YES;
				ENABLE_USER_SCRIPT_SANDBOXING = YES;
				GCC_C_LANGUAGE_STANDARD = gnu17;
				GCC_NO_COMMON_BLOCKS = YES;
				GCC_WARN_64_TO_32_BIT_CONVERSION = YES;
				GCC_WARN_ABOUT_RETURN_TYPE = YES_ERROR;
				GCC_WARN_UNDECLARED_SELECTOR = YES;
				GCC_WARN_UNINITIALIZED_AUTOS = YES_AGGRESSIVE;
				GCC_WARN_UNUSED_FUNCTION = YES;
				GCC_WARN_UNUSED_VARIABLE = YES;
				IPHONEOS_DEPLOYMENT_TARGET = 17.5;
				LOCALIZATION_PREFERS_STRING_CATALOGS = YES;
				MTL_ENABLE_DEBUG_INFO = NO;
				MTL_FAST_MATH = YES;
				SDKROOT = iphoneos;
				SWIFT_COMPILATION_MODE = wholemodule;
				VALIDATE_PRODUCT = YES;
			};
			name = Release;
		};
		4C23A93A2CA90227006EEE08 /* Debug */ = {
			isa = XCBuildConfiguration;
			buildSettings = {
				ASSETCATALOG_COMPILER_APPICON_NAME = AppIcon;
				ASSETCATALOG_COMPILER_GLOBAL_ACCENT_COLOR_NAME = AccentColor;
				CODE_SIGN_STYLE = Automatic;
				CURRENT_PROJECT_VERSION = 1;
				DEVELOPMENT_ASSET_PATHS = "\"SWIFTUICoinApp/Preview Content\"";
				ENABLE_PREVIEWS = YES;
				GENERATE_INFOPLIST_FILE = YES;
				INFOPLIST_KEY_UIApplicationSceneManifest_Generation = YES;
				INFOPLIST_KEY_UIApplicationSupportsIndirectInputEvents = YES;
				INFOPLIST_KEY_UILaunchScreen_Generation = YES;
				INFOPLIST_KEY_UISupportedInterfaceOrientations_iPad = "UIInterfaceOrientationPortrait UIInterfaceOrientationPortraitUpsideDown UIInterfaceOrientationLandscapeLeft UIInterfaceOrientationLandscapeRight";
				INFOPLIST_KEY_UISupportedInterfaceOrientations_iPhone = "UIInterfaceOrientationPortrait UIInterfaceOrientationLandscapeLeft UIInterfaceOrientationLandscapeRight";
				LD_RUNPATH_SEARCH_PATHS = (
					"$(inherited)",
					"@executable_path/Frameworks",
				);
				MARKETING_VERSION = 1.0;
				PRODUCT_BUNDLE_IDENTIFIER = any.SWIFTUICoinApp;
				PRODUCT_NAME = "$(TARGET_NAME)";
				SWIFT_EMIT_LOC_STRINGS = YES;
				SWIFT_VERSION = 5.0;
				TARGETED_DEVICE_FAMILY = "1,2";
			};
			name = Debug;
		};
		4C23A93B2CA90227006EEE08 /* Release */ = {
			isa = XCBuildConfiguration;
			buildSettings = {
				ASSETCATALOG_COMPILER_APPICON_NAME = AppIcon;
				ASSETCATALOG_COMPILER_GLOBAL_ACCENT_COLOR_NAME = AccentColor;
				CODE_SIGN_STYLE = Automatic;
				CURRENT_PROJECT_VERSION = 1;
				DEVELOPMENT_ASSET_PATHS = "\"SWIFTUICoinApp/Preview Content\"";
				ENABLE_PREVIEWS = YES;
				GENERATE_INFOPLIST_FILE = YES;
				INFOPLIST_KEY_UIApplicationSceneManifest_Generation = YES;
				INFOPLIST_KEY_UIApplicationSupportsIndirectInputEvents = YES;
				INFOPLIST_KEY_UILaunchScreen_Generation = YES;
				INFOPLIST_KEY_UISupportedInterfaceOrientations_iPad = "UIInterfaceOrientationPortrait UIInterfaceOrientationPortraitUpsideDown UIInterfaceOrientationLandscapeLeft UIInterfaceOrientationLandscapeRight";
				INFOPLIST_KEY_UISupportedInterfaceOrientations_iPhone = "UIInterfaceOrientationPortrait UIInterfaceOrientationLandscapeLeft UIInterfaceOrientationLandscapeRight";
				LD_RUNPATH_SEARCH_PATHS = (
					"$(inherited)",
					"@executable_path/Frameworks",
				);
				MARKETING_VERSION = 1.0;
				PRODUCT_BUNDLE_IDENTIFIER = any.SWIFTUICoinApp;
				PRODUCT_NAME = "$(TARGET_NAME)";
				SWIFT_EMIT_LOC_STRINGS = YES;
				SWIFT_VERSION = 5.0;
				TARGETED_DEVICE_FAMILY = "1,2";
			};
			name = Release;
		};
		4C23A93D2CA90227006EEE08 /* Debug */ = {
			isa = XCBuildConfiguration;
			buildSettings = {
				ALWAYS_EMBED_SWIFT_STANDARD_LIBRARIES = YES;
				BUNDLE_LOADER = "$(TEST_HOST)";
				CODE_SIGN_STYLE = Automatic;
				CURRENT_PROJECT_VERSION = 1;
				GENERATE_INFOPLIST_FILE = YES;
				IPHONEOS_DEPLOYMENT_TARGET = 17.5;
				MARKETING_VERSION = 1.0;
				PRODUCT_BUNDLE_IDENTIFIER = any.SWIFTUICoinAppTests;
				PRODUCT_NAME = "$(TARGET_NAME)";
				SWIFT_EMIT_LOC_STRINGS = NO;
				SWIFT_VERSION = 5.0;
				TARGETED_DEVICE_FAMILY = "1,2";
				TEST_HOST = "$(BUILT_PRODUCTS_DIR)/SWIFTUICoinApp.app/$(BUNDLE_EXECUTABLE_FOLDER_PATH)/SWIFTUICoinApp";
			};
			name = Debug;
		};
		4C23A93E2CA90227006EEE08 /* Release */ = {
			isa = XCBuildConfiguration;
			buildSettings = {
				ALWAYS_EMBED_SWIFT_STANDARD_LIBRARIES = YES;
				BUNDLE_LOADER = "$(TEST_HOST)";
				CODE_SIGN_STYLE = Automatic;
				CURRENT_PROJECT_VERSION = 1;
				GENERATE_INFOPLIST_FILE = YES;
				IPHONEOS_DEPLOYMENT_TARGET = 17.5;
				MARKETING_VERSION = 1.0;
				PRODUCT_BUNDLE_IDENTIFIER = any.SWIFTUICoinAppTests;
				PRODUCT_NAME = "$(TARGET_NAME)";
				SWIFT_EMIT_LOC_STRINGS = NO;
				SWIFT_VERSION = 5.0;
				TARGETED_DEVICE_FAMILY = "1,2";
				TEST_HOST = "$(BUILT_PRODUCTS_DIR)/SWIFTUICoinApp.app/$(BUNDLE_EXECUTABLE_FOLDER_PATH)/SWIFTUICoinApp";
			};
			name = Release;
		};
		4C23A9402CA90227006EEE08 /* Debug */ = {
			isa = XCBuildConfiguration;
			buildSettings = {
				ALWAYS_EMBED_SWIFT_STANDARD_LIBRARIES = YES;
				CODE_SIGN_STYLE = Automatic;
				CURRENT_PROJECT_VERSION = 1;
				GENERATE_INFOPLIST_FILE = YES;
				MARKETING_VERSION = 1.0;
				PRODUCT_BUNDLE_IDENTIFIER = any.SWIFTUICoinAppUITests;
				PRODUCT_NAME = "$(TARGET_NAME)";
				SWIFT_EMIT_LOC_STRINGS = NO;
				SWIFT_VERSION = 5.0;
				TARGETED_DEVICE_FAMILY = "1,2";
				TEST_TARGET_NAME = SWIFTUICoinApp;
			};
			name = Debug;
		};
		4C23A9412CA90227006EEE08 /* Release */ = {
			isa = XCBuildConfiguration;
			buildSettings = {
				ALWAYS_EMBED_SWIFT_STANDARD_LIBRARIES = YES;
				CODE_SIGN_STYLE = Automatic;
				CURRENT_PROJECT_VERSION = 1;
				GENERATE_INFOPLIST_FILE = YES;
				MARKETING_VERSION = 1.0;
				PRODUCT_BUNDLE_IDENTIFIER = any.SWIFTUICoinAppUITests;
				PRODUCT_NAME = "$(TARGET_NAME)";
				SWIFT_EMIT_LOC_STRINGS = NO;
				SWIFT_VERSION = 5.0;
				TARGETED_DEVICE_FAMILY = "1,2";
				TEST_TARGET_NAME = SWIFTUICoinApp;
			};
			name = Release;
		};
/* End XCBuildConfiguration section */

/* Begin XCConfigurationList section */
		4C23A9102CA90224006EEE08 /* Build configuration list for PBXProject "SWIFTUICoinApp" */ = {
			isa = XCConfigurationList;
			buildConfigurations = (
				4C23A9372CA90227006EEE08 /* Debug */,
				4C23A9382CA90227006EEE08 /* Release */,
			);
			defaultConfigurationIsVisible = 0;
			defaultConfigurationName = Release;
		};
		4C23A9392CA90227006EEE08 /* Build configuration list for PBXNativeTarget "SWIFTUICoinApp" */ = {
			isa = XCConfigurationList;
			buildConfigurations = (
				4C23A93A2CA90227006EEE08 /* Debug */,
				4C23A93B2CA90227006EEE08 /* Release */,
			);
			defaultConfigurationIsVisible = 0;
			defaultConfigurationName = Release;
		};
		4C23A93C2CA90227006EEE08 /* Build configuration list for PBXNativeTarget "SWIFTUICoinAppTests" */ = {
			isa = XCConfigurationList;
			buildConfigurations = (
				4C23A93D2CA90227006EEE08 /* Debug */,
				4C23A93E2CA90227006EEE08 /* Release */,
			);
			defaultConfigurationIsVisible = 0;
			defaultConfigurationName = Release;
		};
		4C23A93F2CA90227006EEE08 /* Build configuration list for PBXNativeTarget "SWIFTUICoinAppUITests" */ = {
			isa = XCConfigurationList;
			buildConfigurations = (
				4C23A9402CA90227006EEE08 /* Debug */,
				4C23A9412CA90227006EEE08 /* Release */,
			);
			defaultConfigurationIsVisible = 0;
			defaultConfigurationName = Release;
		};
/* End XCConfigurationList section */
	};
	rootObject = 4C23A90D2CA90224006EEE08 /* Project object */;
}
